{
  "lockfile_version": 1,
  "os": "Ubuntu 20.04.4 LTS",
  "r_version": "R version 4.1.3 (2022-03-10)",
  "platform": "x86_64-pc-linux-gnu",
  "packages": [
    {
      "ref": "deps::.",
      "package": "mdsrocker-deps",
      "version": "1.0.1.9002",
      "type": "deps",
      "direct": true,
      "binary": false,
      "dependencies": ["checkmate", "cli", "desc", "fs", "gert", "glue", "purrr", "remotes", "rversions", "stringr"],
      "vignettes": false,
      "metadata": {
        "RemotePkgRef": "deps::.",
        "RemoteType": "deps"
      },
      "sources": [],
      "target": "src/contrib/mdsrocker-deps_1.0.1.9002.tar.gz",
      "platform": "source",
      "rversion": "*",
      "directpkg": true,
      "license": "MIT + file LICENSE",
      "dep_types": ["Depends", "Imports", "LinkingTo", "Suggests", "Enhances", "Config/Needs/Actions"],
      "params": [],
      "install_args": ""
    },
    {
      "ref": "local::.",
      "package": "mdsrocker",
      "version": "1.0.1.9002",
      "type": "local",
      "direct": true,
      "binary": false,
      "dependencies": ["checkmate", "cli", "desc", "fs", "gert", "glue", "purrr", "remotes", "rversions", "stringr"],
      "vignettes": false,
      "metadata": {
        "RemotePkgRef": "local::.",
        "RemoteType": "local"
      },
      "sources": ["file:///home/runner/work/mdsrocker/mdsrocker"],
      "target": "src/contrib/mdsrocker_1.0.1.9002.tar.gz",
      "platform": "source",
      "rversion": "*",
      "directpkg": true,
      "license": "MIT + file LICENSE",
      "dep_types": ["Depends", "Imports", "LinkingTo", "Suggests", "Enhances", "Config/Needs/Actions"],
      "params": [],
      "install_args": ""
    },
    {
      "ref": "R6",
      "package": "R6",
      "version": "2.5.1",
      "type": "standard",
      "direct": false,
      "binary": false,
      "dependencies": [],
      "vignettes": false,
      "needscompilation": false,
      "metadata": {
        "RemoteType": "standard",
        "RemotePkgRef": "R6",
        "RemoteRef": "R6",
        "RemoteRepos": "https://packagemanager.rstudio.com/all/__linux__/focal/latest",
        "RemotePkgPlatform": "source",
        "RemoteSha": "2.5.1"
      },
      "sources": ["https://packagemanager.rstudio.com/all/__linux__/focal/latest/src/contrib/R6_2.5.1.tar.gz"],
      "target": "src/contrib/R6_2.5.1.tar.gz",
      "platform": "source",
      "rversion": "*",
      "directpkg": false,
      "license": "MIT + file LICENSE",
      "sha256": "8d92bd29c2ed7bf15f2778618ffe4a95556193d21d8431a7f75e7e5fc102bf48",
      "filesize": 63422,
      "dep_types": ["Depends", "Imports", "LinkingTo"],
      "params": [],
      "install_args": "",
      "repotype": "cranlike"
    },
    {
      "ref": "askpass",
      "package": "askpass",
      "version": "1.1",
      "type": "standard",
      "direct": false,
      "binary": false,
      "dependencies": ["sys"],
      "vignettes": false,
      "needscompilation": true,
      "metadata": {
        "RemoteType": "standard",
        "RemotePkgRef": "askpass",
        "RemoteRef": "askpass",
        "RemoteRepos": "https://packagemanager.rstudio.com/all/__linux__/focal/latest",
        "RemotePkgPlatform": "source",
        "RemoteSha": "1.1"
      },
      "sources": ["https://packagemanager.rstudio.com/all/__linux__/focal/latest/src/contrib/askpass_1.1.tar.gz"],
      "target": "src/contrib/askpass_1.1.tar.gz",
      "platform": "source",
      "rversion": "*",
      "directpkg": false,
      "license": "MIT + file LICENSE",
      "sha256": "db40827d1bdbb90c0aa2846a2961d3bf9d76ad1b392302f9dd84cc2fd18c001f",
      "filesize": 5730,
      "dep_types": ["Depends", "Imports", "LinkingTo"],
      "params": [],
      "install_args": "",
      "repotype": "cranlike"
    },
    {
      "ref": "backports",
      "package": "backports",
      "version": "1.4.1",
      "type": "standard",
      "direct": false,
      "binary": false,
      "dependencies": [],
      "vignettes": false,
      "needscompilation": true,
      "metadata": {
        "RemoteType": "standard",
        "RemotePkgRef": "backports",
        "RemoteRef": "backports",
        "RemoteRepos": "https://packagemanager.rstudio.com/all/__linux__/focal/latest",
        "RemotePkgPlatform": "source",
        "RemoteSha": "1.4.1"
      },
      "sources": ["https://packagemanager.rstudio.com/all/__linux__/focal/latest/src/contrib/backports_1.4.1.tar.gz"],
      "target": "src/contrib/backports_1.4.1.tar.gz",
      "platform": "source",
      "rversion": "*",
      "directpkg": false,
      "license": "GPL-2 | GPL-3",
      "sha256": "845c3c59fbb05e5a892c4231b955a0afdd331d82b7cc815bcff0672023242474",
      "filesize": 26201,
      "dep_types": ["Depends", "Imports", "LinkingTo"],
      "params": [],
      "install_args": "",
      "repotype": "cranlike"
    },
    {
      "ref": "checkmate",
      "package": "checkmate",
      "version": "2.0.0",
      "type": "standard",
      "direct": false,
      "binary": false,
      "dependencies": ["backports"],
      "vignettes": false,
      "needscompilation": true,
      "metadata": {
        "RemoteType": "standard",
        "RemotePkgRef": "checkmate",
        "RemoteRef": "checkmate",
        "RemoteRepos": "https://packagemanager.rstudio.com/all/__linux__/focal/latest",
        "RemotePkgPlatform": "source",
        "RemoteSha": "2.0.0"
      },
      "sources": ["https://packagemanager.rstudio.com/all/__linux__/focal/latest/src/contrib/checkmate_2.0.0.tar.gz"],
      "target": "src/contrib/checkmate_2.0.0.tar.gz",
      "platform": "source",
      "rversion": "*",
      "directpkg": false,
      "license": "BSD_3_clause + file LICENSE",
      "sha256": "0dc25b0e20c04836359df1885d099c6e4ad8ae0e585a9e4107f7ea945d9c6fa4",
      "filesize": 168716,
      "dep_types": ["Depends", "Imports", "LinkingTo"],
      "params": [],
      "install_args": "",
      "repotype": "cranlike"
    },
    {
      "ref": "cli",
      "package": "cli",
      "version": "3.2.0",
      "type": "standard",
      "direct": false,
      "binary": false,
      "dependencies": ["glue"],
      "vignettes": false,
      "needscompilation": true,
      "metadata": {
        "RemoteType": "standard",
        "RemotePkgRef": "cli",
        "RemoteRef": "cli",
        "RemoteRepos": "https://packagemanager.rstudio.com/all/__linux__/focal/latest",
        "RemotePkgPlatform": "source",
        "RemoteSha": "3.2.0"
      },
      "sources": ["https://packagemanager.rstudio.com/all/__linux__/focal/latest/src/contrib/cli_3.2.0.tar.gz"],
      "target": "src/contrib/cli_3.2.0.tar.gz",
      "platform": "source",
      "rversion": "*",
      "directpkg": false,
      "license": "MIT + file LICENSE",
      "sha256": "cd5a1b754d09de33f088f25ecdb0494100f9a42bc0a66622bfd7d8ec5498e862",
      "filesize": 493192,
      "dep_types": ["Depends", "Imports", "LinkingTo"],
      "params": [],
      "install_args": "",
      "repotype": "cranlike"
    },
    {
      "ref": "crayon",
      "package": "crayon",
      "version": "1.5.0",
      "type": "standard",
      "direct": false,
      "binary": false,
      "dependencies": [],
      "vignettes": false,
      "needscompilation": false,
      "metadata": {
        "RemoteType": "standard",
        "RemotePkgRef": "crayon",
        "RemoteRef": "crayon",
        "RemoteRepos": "https://packagemanager.rstudio.com/all/__linux__/focal/latest",
        "RemotePkgPlatform": "source",
        "RemoteSha": "1.5.0"
      },
      "sources": ["https://packagemanager.rstudio.com/all/__linux__/focal/latest/src/contrib/crayon_1.5.0.tar.gz"],
      "target": "src/contrib/crayon_1.5.0.tar.gz",
      "platform": "source",
      "rversion": "*",
      "directpkg": false,
      "license": "MIT + file LICENSE",
      "sha256": "44122cafddcd8a35176b2a6bcab10c5f81cd5440d9e29d20091b31a0ef647954",
      "filesize": 40099,
      "dep_types": ["Depends", "Imports", "LinkingTo"],
      "params": [],
      "install_args": "",
      "repotype": "cranlike"
    },
    {
      "ref": "credentials",
      "package": "credentials",
      "version": "1.3.2",
      "type": "standard",
      "direct": false,
      "binary": false,
      "dependencies": ["openssl", "sys", "curl", "jsonlite", "askpass"],
      "vignettes": false,
      "needscompilation": false,
      "metadata": {
        "RemoteType": "standard",
        "RemotePkgRef": "credentials",
        "RemoteRef": "credentials",
        "RemoteRepos": "https://packagemanager.rstudio.com/all/__linux__/focal/latest",
        "RemotePkgPlatform": "source",
        "RemoteSha": "1.3.2"
      },
      "sources": ["https://packagemanager.rstudio.com/all/__linux__/focal/latest/src/contrib/credentials_1.3.2.tar.gz"],
      "target": "src/contrib/credentials_1.3.2.tar.gz",
      "platform": "source",
      "rversion": "*",
      "directpkg": false,
      "license": "MIT + file LICENSE",
      "sha256": "2ffa7c11bedbfa034adf553d0a2f2e4f6a496b858af753a09a89219cff9028b8",
      "filesize": 230070,
      "dep_types": ["Depends", "Imports", "LinkingTo"],
      "params": [],
      "install_args": "",
      "repotype": "cranlike"
    },
    {
      "ref": "curl",
      "package": "curl",
      "version": "4.3.2",
      "type": "standard",
      "direct": false,
      "binary": false,
      "dependencies": [],
      "vignettes": false,
      "needscompilation": true,
      "metadata": {
        "RemoteType": "standard",
        "RemotePkgRef": "curl",
        "RemoteRef": "curl",
        "RemoteRepos": "https://packagemanager.rstudio.com/all/__linux__/focal/latest",
        "RemotePkgPlatform": "source",
        "RemoteSha": "4.3.2"
      },
      "sources": ["https://packagemanager.rstudio.com/all/__linux__/focal/latest/src/contrib/curl_4.3.2.tar.gz"],
      "target": "src/contrib/curl_4.3.2.tar.gz",
      "platform": "source",
      "rversion": "*",
      "directpkg": false,
      "license": "MIT + file LICENSE",
      "sha256": "90b1facb4be8b6315bb3d272ba2dd90b88973f6ea1ab7f439550230f8500a568",
      "filesize": 793345,
      "dep_types": ["Depends", "Imports", "LinkingTo"],
      "params": [],
      "install_args": "",
      "repotype": "cranlike"
    },
    {
      "ref": "desc",
      "package": "desc",
      "version": "1.4.1",
      "type": "standard",
      "direct": false,
      "binary": false,
      "dependencies": ["cli", "R6", "rprojroot"],
      "vignettes": false,
      "needscompilation": false,
      "metadata": {
        "RemoteType": "standard",
        "RemotePkgRef": "desc",
        "RemoteRef": "desc",
        "RemoteRepos": "https://packagemanager.rstudio.com/all/__linux__/focal/latest",
        "RemotePkgPlatform": "source",
        "RemoteSha": "1.4.1"
      },
      "sources": ["https://packagemanager.rstudio.com/all/__linux__/focal/latest/src/contrib/desc_1.4.1.tar.gz"],
      "target": "src/contrib/desc_1.4.1.tar.gz",
      "platform": "source",
      "rversion": "*",
      "directpkg": false,
      "license": "MIT + file LICENSE",
      "sha256": "8f9ebb51eccf925b2e76bc65ecf495e8f3882b8c0053023f396622f0402d6f54",
      "filesize": 80670,
      "dep_types": ["Depends", "Imports", "LinkingTo"],
      "params": [],
      "install_args": "",
      "repotype": "cranlike"
    },
    {
      "ref": "dplyr",
      "package": "dplyr",
      "version": "1.0.8",
      "type": "standard",
      "direct": false,
      "binary": false,
      "dependencies": ["generics", "glue", "lifecycle", "magrittr", "R6", "rlang", "tibble", "tidyselect", "vctrs", "pillar"],
      "vignettes": false,
      "needscompilation": true,
      "metadata": {
        "RemoteType": "standard",
        "RemotePkgRef": "dplyr",
        "RemoteRef": "dplyr",
        "RemoteRepos": "https://packagemanager.rstudio.com/all/__linux__/focal/latest",
        "RemotePkgPlatform": "source",
        "RemoteSha": "1.0.8"
      },
      "sources": ["https://packagemanager.rstudio.com/all/__linux__/focal/latest/src/contrib/dplyr_1.0.8.tar.gz"],
      "target": "src/contrib/dplyr_1.0.8.tar.gz",
      "platform": "source",
      "rversion": "*",
      "directpkg": false,
      "license": "MIT + file LICENSE",
      "sha256": "3b6aa3a06d67037223da6af4b59ab89cbd342bc450b92c6050fb267127236075",
      "filesize": 880713,
      "dep_types": ["Depends", "Imports", "LinkingTo"],
      "params": [],
      "install_args": "",
      "repotype": "cranlike"
    },
    {
      "ref": "ellipsis",
      "package": "ellipsis",
      "version": "0.3.2",
      "type": "standard",
      "direct": false,
      "binary": false,
      "dependencies": ["rlang"],
      "vignettes": false,
      "needscompilation": true,
      "metadata": {
        "RemoteType": "standard",
        "RemotePkgRef": "ellipsis",
        "RemoteRef": "ellipsis",
        "RemoteRepos": "https://packagemanager.rstudio.com/all/__linux__/focal/latest",
        "RemotePkgPlatform": "source",
        "RemoteSha": "0.3.2"
      },
      "sources": ["https://packagemanager.rstudio.com/all/__linux__/focal/latest/src/contrib/ellipsis_0.3.2.tar.gz"],
      "target": "src/contrib/ellipsis_0.3.2.tar.gz",
      "platform": "source",
      "rversion": "*",
      "directpkg": false,
      "license": "MIT + file LICENSE",
      "sha256": "a90266e5eb59c7f419774d5c6d6bd5e09701a26c9218c5933c9bce6765aa1558",
      "filesize": 8066,
      "dep_types": ["Depends", "Imports", "LinkingTo"],
      "params": [],
      "install_args": "",
      "repotype": "cranlike"
    },
    {
      "ref": "fansi",
      "package": "fansi",
      "version": "1.0.2",
      "type": "standard",
      "direct": false,
      "binary": false,
      "dependencies": [],
      "vignettes": false,
      "needscompilation": true,
      "metadata": {
        "RemoteType": "standard",
        "RemotePkgRef": "fansi",
        "RemoteRef": "fansi",
        "RemoteRepos": "https://packagemanager.rstudio.com/all/__linux__/focal/latest",
        "RemotePkgPlatform": "source",
        "RemoteSha": "1.0.2"
      },
      "sources": ["https://packagemanager.rstudio.com/all/__linux__/focal/latest/src/contrib/fansi_1.0.2.tar.gz"],
      "target": "src/contrib/fansi_1.0.2.tar.gz",
      "platform": "source",
      "rversion": "*",
      "directpkg": false,
      "license": "GPL-2 | GPL-3",
      "sha256": "d1e2cf2e10613abe19071e3dab7c564ebcf85ad13cbee25fa1999267af01b557",
      "filesize": 480902,
      "dep_types": ["Depends", "Imports", "LinkingTo"],
      "params": [],
      "install_args": "",
      "repotype": "cranlike"
    },
    {
      "ref": "fs",
      "package": "fs",
      "version": "1.5.2",
      "type": "standard",
      "direct": false,
      "binary": false,
      "dependencies": [],
      "vignettes": false,
      "needscompilation": true,
      "metadata": {
        "RemoteType": "standard",
        "RemotePkgRef": "fs",
        "RemoteRef": "fs",
        "RemoteRepos": "https://packagemanager.rstudio.com/all/__linux__/focal/latest",
        "RemotePkgPlatform": "source",
        "RemoteSha": "1.5.2"
      },
      "sources": ["https://packagemanager.rstudio.com/all/__linux__/focal/latest/src/contrib/fs_1.5.2.tar.gz"],
      "target": "src/contrib/fs_1.5.2.tar.gz",
      "platform": "source",
      "rversion": "*",
      "directpkg": false,
      "license": "MIT + file LICENSE",
      "sha256": "35cad1781d6d17c1feb56adc4607079c6844b63794d0ce1e74bb18dbc11e1987",
      "filesize": 793627,
      "dep_types": ["Depends", "Imports", "LinkingTo"],
      "params": [],
      "install_args": "",
      "repotype": "cranlike"
    },
    {
      "ref": "generics",
      "package": "generics",
      "version": "0.1.2",
      "type": "standard",
      "direct": false,
      "binary": false,
      "dependencies": [],
      "vignettes": false,
      "needscompilation": false,
      "metadata": {
        "RemoteType": "standard",
        "RemotePkgRef": "generics",
        "RemoteRef": "generics",
        "RemoteRepos": "https://packagemanager.rstudio.com/all/__linux__/focal/latest",
        "RemotePkgPlatform": "source",
        "RemoteSha": "0.1.2"
      },
      "sources": ["https://packagemanager.rstudio.com/all/__linux__/focal/latest/src/contrib/generics_0.1.2.tar.gz"],
      "target": "src/contrib/generics_0.1.2.tar.gz",
      "platform": "source",
      "rversion": "*",
      "directpkg": false,
      "license": "MIT + file LICENSE",
      "sha256": "63eab37a9148f820ce2d67bda3dab6dedb9db6890baa5284949c39ab1b4c5898",
      "filesize": 123325,
      "dep_types": ["Depends", "Imports", "LinkingTo"],
      "params": [],
      "install_args": "",
      "repotype": "cranlike"
    },
    {
      "ref": "gert",
      "package": "gert",
      "version": "1.5.0",
      "type": "standard",
      "direct": false,
      "binary": false,
      "dependencies": ["askpass", "credentials", "openssl", "rstudioapi", "sys", "zip"],
      "vignettes": false,
      "needscompilation": true,
      "metadata": {
        "RemoteType": "standard",
        "RemotePkgRef": "gert",
        "RemoteRef": "gert",
        "RemoteRepos": "https://packagemanager.rstudio.com/all/__linux__/focal/latest",
        "RemotePkgPlatform": "source",
        "RemoteSha": "1.5.0"
      },
      "sources": ["https://packagemanager.rstudio.com/all/__linux__/focal/latest/src/contrib/gert_1.5.0.tar.gz"],
      "target": "src/contrib/gert_1.5.0.tar.gz",
      "platform": "source",
      "rversion": "*",
      "directpkg": false,
      "license": "MIT + file LICENSE",
      "sha256": "9fc330893b0cb43360905fd204e674813e1906449a95dc4037fe8802bd74a2ae",
      "filesize": 66958,
      "dep_types": ["Depends", "Imports", "LinkingTo"],
      "params": [],
      "install_args": "",
      "repotype": "cranlike"
    },
    {
      "ref": "glue",
      "package": "glue",
      "version": "1.6.2",
      "type": "standard",
      "direct": false,
      "binary": false,
      "dependencies": [],
      "vignettes": false,
      "needscompilation": true,
      "metadata": {
        "RemoteType": "standard",
        "RemotePkgRef": "glue",
        "RemoteRef": "glue",
        "RemoteRepos": "https://packagemanager.rstudio.com/all/__linux__/focal/latest",
        "RemotePkgPlatform": "source",
        "RemoteSha": "1.6.2"
      },
      "sources": ["https://packagemanager.rstudio.com/all/__linux__/focal/latest/src/contrib/glue_1.6.2.tar.gz"],
      "target": "src/contrib/glue_1.6.2.tar.gz",
      "platform": "source",
      "rversion": "*",
      "directpkg": false,
      "license": "MIT + file LICENSE",
      "sha256": "9da518f12be584c90e75fe8e07f711ee3f6fc0d03d817f72c25dc0f66499fdbf",
      "filesize": 106510,
      "dep_types": ["Depends", "Imports", "LinkingTo"],
      "params": [],
      "install_args": "",
      "repotype": "cranlike"
    },
    {
      "ref": "jsonlite",
      "package": "jsonlite",
      "version": "1.8.0",
      "type": "standard",
      "direct": false,
      "binary": false,
      "dependencies": [],
      "vignettes": false,
      "needscompilation": true,
      "metadata": {
        "RemoteType": "standard",
        "RemotePkgRef": "jsonlite",
        "RemoteRef": "jsonlite",
        "RemoteRepos": "https://packagemanager.rstudio.com/all/__linux__/focal/latest",
        "RemotePkgPlatform": "source",
        "RemoteSha": "1.8.0"
      },
      "sources": ["https://packagemanager.rstudio.com/all/__linux__/focal/latest/src/contrib/jsonlite_1.8.0.tar.gz"],
      "target": "src/contrib/jsonlite_1.8.0.tar.gz",
      "platform": "source",
      "rversion": "*",
      "directpkg": false,
      "license": "MIT + file LICENSE",
      "sha256": "7b1892efebcb4cf4628f716000accd4b43bbf82b3e6ba90b9529d4fa0e55cd4c",
      "filesize": 1051625,
      "dep_types": ["Depends", "Imports", "LinkingTo"],
      "params": [],
      "install_args": "",
      "repotype": "cranlike"
    },
    {
      "ref": "lifecycle",
      "package": "lifecycle",
      "version": "1.0.1",
      "type": "standard",
      "direct": false,
      "binary": false,
      "dependencies": ["glue", "rlang"],
      "vignettes": false,
      "needscompilation": false,
      "metadata": {
        "RemoteType": "standard",
        "RemotePkgRef": "lifecycle",
        "RemoteRef": "lifecycle",
        "RemoteRepos": "https://packagemanager.rstudio.com/all/__linux__/focal/latest",
        "RemotePkgPlatform": "source",
        "RemoteSha": "1.0.1"
      },
      "sources": ["https://packagemanager.rstudio.com/all/__linux__/focal/latest/src/contrib/lifecycle_1.0.1.tar.gz"],
      "target": "src/contrib/lifecycle_1.0.1.tar.gz",
      "platform": "source",
      "rversion": "*",
      "directpkg": false,
      "license": "MIT + file LICENSE",
      "sha256": "1da76e1c00f1be96ca34e122ae611259430bf99d6a1b999fdef70c00c30f7ba0",
      "filesize": 99716,
      "dep_types": ["Depends", "Imports", "LinkingTo"],
      "params": [],
      "install_args": "",
      "repotype": "cranlike"
    },
    {
      "ref": "magrittr",
      "package": "magrittr",
      "version": "2.0.2",
      "type": "standard",
      "direct": false,
      "binary": false,
      "dependencies": [],
      "vignettes": false,
      "needscompilation": true,
      "metadata": {
        "RemoteType": "standard",
        "RemotePkgRef": "magrittr",
        "RemoteRef": "magrittr",
        "RemoteRepos": "https://packagemanager.rstudio.com/all/__linux__/focal/latest",
        "RemotePkgPlatform": "source",
        "RemoteSha": "2.0.2"
      },
      "sources": ["https://packagemanager.rstudio.com/all/__linux__/focal/latest/src/contrib/magrittr_2.0.2.tar.gz"],
      "target": "src/contrib/magrittr_2.0.2.tar.gz",
      "platform": "source",
      "rversion": "*",
      "directpkg": false,
      "license": "MIT + file LICENSE",
      "sha256": "7be6fd0d0da75b92d8bad0136076da96260ee84bf639ef632a24668acdc163a6",
      "filesize": 267039,
      "dep_types": ["Depends", "Imports", "LinkingTo"],
      "params": [],
      "install_args": "",
      "repotype": "cranlike"
    },
    {
      "ref": "openssl",
      "package": "openssl",
      "version": "2.0.0",
      "type": "standard",
      "direct": false,
      "binary": false,
      "dependencies": ["askpass"],
      "vignettes": false,
      "needscompilation": true,
      "metadata": {
        "RemoteType": "standard",
        "RemotePkgRef": "openssl",
        "RemoteRef": "openssl",
        "RemoteRepos": "https://packagemanager.rstudio.com/all/__linux__/focal/latest",
        "RemotePkgPlatform": "source",
        "RemoteSha": "2.0.0"
      },
      "sources": ["https://packagemanager.rstudio.com/all/__linux__/focal/latest/src/contrib/openssl_2.0.0.tar.gz"],
      "target": "src/contrib/openssl_2.0.0.tar.gz",
      "platform": "source",
      "rversion": "*",
      "directpkg": false,
      "license": "MIT + file LICENSE",
      "sha256": "eb28fde65f33ffb780abb85ab17d724ae55c2b9dbe171155d3dd2d7154ff564b",
      "filesize": 1200448,
      "dep_types": ["Depends", "Imports", "LinkingTo"],
      "params": [],
      "install_args": "",
      "repotype": "cranlike"
    },
    {
      "ref": "pillar",
      "package": "pillar",
      "version": "1.7.0",
      "type": "standard",
      "direct": false,
      "binary": false,
      "dependencies": ["cli", "crayon", "ellipsis", "fansi", "glue", "lifecycle", "rlang", "utf8", "vctrs"],
      "vignettes": false,
      "needscompilation": false,
      "metadata": {
        "RemoteType": "standard",
        "RemotePkgRef": "pillar",
        "RemoteRef": "pillar",
        "RemoteRepos": "https://packagemanager.rstudio.com/all/__linux__/focal/latest",
        "RemotePkgPlatform": "source",
        "RemoteSha": "1.7.0"
      },
      "sources": ["https://packagemanager.rstudio.com/all/__linux__/focal/latest/src/contrib/pillar_1.7.0.tar.gz"],
      "target": "src/contrib/pillar_1.7.0.tar.gz",
      "platform": "source",
      "rversion": "*",
      "directpkg": false,
      "license": "MIT + file LICENSE",
      "sha256": "7841f89658cc8935568c0ff24dc480b4481bac896de2f6447050abc4360a13bb",
      "filesize": 529668,
      "dep_types": ["Depends", "Imports", "LinkingTo"],
      "params": [],
      "install_args": "",
      "repotype": "cranlike"
    },
    {
      "ref": "pkgconfig",
      "package": "pkgconfig",
      "version": "2.0.3",
      "type": "standard",
      "direct": false,
      "binary": false,
      "dependencies": [],
      "vignettes": false,
      "needscompilation": false,
      "metadata": {
        "RemoteType": "standard",
        "RemotePkgRef": "pkgconfig",
        "RemoteRef": "pkgconfig",
        "RemoteRepos": "https://packagemanager.rstudio.com/all/__linux__/focal/latest",
        "RemotePkgPlatform": "source",
        "RemoteSha": "2.0.3"
      },
      "sources": ["https://packagemanager.rstudio.com/all/__linux__/focal/latest/src/contrib/pkgconfig_2.0.3.tar.gz"],
      "target": "src/contrib/pkgconfig_2.0.3.tar.gz",
      "platform": "source",
      "rversion": "*",
      "directpkg": false,
      "license": "MIT + file LICENSE",
      "sha256": "330fef440ffeb842a7dcfffc8303743f1feae83e8d6131078b5a44ff11bc3850",
      "filesize": 6080,
      "dep_types": ["Depends", "Imports", "LinkingTo"],
      "params": [],
      "install_args": "",
      "repotype": "cranlike"
    },
    {
      "ref": "purrr",
      "package": "purrr",
      "version": "0.3.4",
      "type": "standard",
      "direct": false,
      "binary": false,
      "dependencies": ["magrittr", "rlang"],
      "vignettes": false,
      "needscompilation": true,
      "metadata": {
        "RemoteType": "standard",
        "RemotePkgRef": "purrr",
        "RemoteRef": "purrr",
        "RemoteRepos": "https://packagemanager.rstudio.com/all/__linux__/focal/latest",
        "RemotePkgPlatform": "source",
        "RemoteSha": "0.3.4"
      },
      "sources": ["https://packagemanager.rstudio.com/all/__linux__/focal/latest/src/contrib/purrr_0.3.4.tar.gz"],
      "target": "src/contrib/purrr_0.3.4.tar.gz",
      "platform": "source",
      "rversion": "*",
      "directpkg": false,
      "license": "GPL-3 | file LICENSE",
      "sha256": "23ebc93bc9aed9e7575e8eb9683ff4acc0270ef7d6436cc2ef4236a9734840b2",
      "filesize": 375062,
      "dep_types": ["Depends", "Imports", "LinkingTo"],
      "params": [],
      "install_args": "",
      "repotype": "cranlike"
    },
    {
      "ref": "remotes",
      "package": "remotes",
      "version": "2.4.2",
      "type": "standard",
      "direct": false,
      "binary": false,
      "dependencies": [],
      "vignettes": false,
      "needscompilation": false,
      "metadata": {
        "RemoteType": "standard",
        "RemotePkgRef": "remotes",
        "RemoteRef": "remotes",
        "RemoteRepos": "https://packagemanager.rstudio.com/all/__linux__/focal/latest",
        "RemotePkgPlatform": "source",
        "RemoteSha": "2.4.2"
      },
      "sources": ["https://packagemanager.rstudio.com/all/__linux__/focal/latest/src/contrib/remotes_2.4.2.tar.gz"],
      "target": "src/contrib/remotes_2.4.2.tar.gz",
      "platform": "source",
      "rversion": "*",
      "directpkg": false,
      "license": "MIT + file LICENSE",
      "sha256": "f2ef875f24a485bf4f55a8c830f87cdd5db868f9a8cdb624dc452d0bf66ba516",
      "filesize": 152540,
      "dep_types": ["Depends", "Imports", "LinkingTo"],
      "params": [],
      "install_args": "",
      "repotype": "cranlike"
    },
    {
      "ref": "rlang",
      "package": "rlang",
      "version": "1.0.2",
      "type": "standard",
      "direct": false,
      "binary": false,
      "dependencies": [],
      "vignettes": false,
      "needscompilation": true,
      "metadata": {
        "RemoteType": "standard",
        "RemotePkgRef": "rlang",
        "RemoteRef": "rlang",
        "RemoteRepos": "https://packagemanager.rstudio.com/all/__linux__/focal/latest",
        "RemotePkgPlatform": "source",
        "RemoteSha": "1.0.2"
      },
      "sources": ["https://packagemanager.rstudio.com/all/__linux__/focal/latest/src/contrib/rlang_1.0.2.tar.gz"],
      "target": "src/contrib/rlang_1.0.2.tar.gz",
      "platform": "source",
      "rversion": "*",
      "directpkg": false,
      "license": "MIT + file LICENSE",
      "sha256": "8de87c3e6fb0b3cce2dabc6908186f8e1528cc0c16b54de965fe02d405fdd7cc",
      "filesize": 724829,
      "dep_types": ["Depends", "Imports", "LinkingTo"],
      "params": [],
      "install_args": "",
      "repotype": "cranlike"
    },
    {
      "ref": "rprojroot",
      "package": "rprojroot",
      "version": "2.0.2",
      "type": "standard",
      "direct": false,
      "binary": false,
      "dependencies": [],
      "vignettes": false,
      "needscompilation": false,
      "metadata": {
        "RemoteType": "standard",
        "RemotePkgRef": "rprojroot",
        "RemoteRef": "rprojroot",
        "RemoteRepos": "https://packagemanager.rstudio.com/all/__linux__/focal/latest",
        "RemotePkgPlatform": "source",
        "RemoteSha": "2.0.2"
      },
      "sources": ["https://packagemanager.rstudio.com/all/__linux__/focal/latest/src/contrib/rprojroot_2.0.2.tar.gz"],
      "target": "src/contrib/rprojroot_2.0.2.tar.gz",
      "platform": "source",
      "rversion": "*",
      "directpkg": false,
      "license": "MIT + file LICENSE",
      "sha256": "5fa161f0d4ac3b7a99dc6aa2d832251001dc92e93c828593a51fe90afd019e1f",
      "filesize": 59967,
      "dep_types": ["Depends", "Imports", "LinkingTo"],
      "params": [],
      "install_args": "",
      "repotype": "cranlike"
    },
    {
      "ref": "rstudioapi",
      "package": "rstudioapi",
      "version": "0.13",
      "type": "standard",
      "direct": false,
      "binary": false,
      "dependencies": [],
      "vignettes": false,
      "needscompilation": false,
      "metadata": {
        "RemoteType": "standard",
        "RemotePkgRef": "rstudioapi",
        "RemoteRef": "rstudioapi",
        "RemoteRepos": "https://packagemanager.rstudio.com/all/__linux__/focal/latest",
        "RemotePkgPlatform": "source",
        "RemoteSha": "0.13"
      },
      "sources": ["https://packagemanager.rstudio.com/all/__linux__/focal/latest/src/contrib/rstudioapi_0.13.tar.gz"],
      "target": "src/contrib/rstudioapi_0.13.tar.gz",
      "platform": "source",
      "rversion": "*",
      "directpkg": false,
      "license": "MIT + file LICENSE",
      "sha256": "aac35bbdcb4a8e8caba943bc8a2b98120e8940b80cd1020224bb1a26ff776d8b",
      "filesize": 110472,
      "dep_types": ["Depends", "Imports", "LinkingTo"],
      "params": [],
      "install_args": "",
      "repotype": "cranlike"
    },
    {
      "ref": "rversions",
      "package": "rversions",
      "version": "2.1.1",
      "type": "standard",
      "direct": false,
      "binary": false,
      "dependencies": ["curl", "xml2"],
      "vignettes": false,
      "needscompilation": false,
      "metadata": {
        "RemoteType": "standard",
        "RemotePkgRef": "rversions",
        "RemoteRef": "rversions",
        "RemoteRepos": "https://packagemanager.rstudio.com/all/__linux__/focal/latest",
        "RemotePkgPlatform": "source",
        "RemoteSha": "2.1.1"
      },
      "sources": ["https://packagemanager.rstudio.com/all/__linux__/focal/latest/src/contrib/rversions_2.1.1.tar.gz"],
      "target": "src/contrib/rversions_2.1.1.tar.gz",
      "platform": "source",
      "rversion": "*",
      "directpkg": false,
      "license": "MIT + file LICENSE",
      "sha256": "79aaacf5a1258d91ac0ddedf3c8c16a2d10d39010993dcc7b0a2638afee27cb1",
      "filesize": 42064,
      "dep_types": ["Depends", "Imports", "LinkingTo"],
      "params": [],
      "install_args": "",
      "repotype": "cranlike"
    },
    {
      "ref": "sessioninfo",
      "package": "sessioninfo",
      "version": "1.2.2",
      "type": "standard",
      "direct": false,
      "binary": false,
      "dependencies": ["cli"],
      "vignettes": false,
      "needscompilation": false,
      "metadata": {
        "RemoteType": "standard",
        "RemotePkgRef": "sessioninfo",
        "RemoteRef": "sessioninfo",
        "RemoteRepos": "https://packagemanager.rstudio.com/all/__linux__/focal/latest",
        "RemotePkgPlatform": "source",
        "RemoteSha": "1.2.2"
      },
      "sources": ["https://packagemanager.rstudio.com/all/__linux__/focal/latest/src/contrib/sessioninfo_1.2.2.tar.gz"],
      "target": "src/contrib/sessioninfo_1.2.2.tar.gz",
      "platform": "source",
      "rversion": "*",
      "directpkg": true,
      "license": "GPL-2",
      "sha256": "f56283857c53ac8691e3747ed48fe03e893d8ff348235bff7364658bcfb0c7cb",
      "filesize": 170924,
      "dep_types": ["Depends", "Imports", "LinkingTo"],
      "params": [],
      "install_args": "",
      "repotype": "cranlike"
    },
    {
      "ref": "stringi",
      "package": "stringi",
      "version": "1.7.6",
      "type": "standard",
      "direct": false,
      "binary": false,
      "dependencies": [],
      "vignettes": false,
      "needscompilation": true,
      "metadata": {
        "RemoteType": "standard",
        "RemotePkgRef": "stringi",
        "RemoteRef": "stringi",
        "RemoteRepos": "https://packagemanager.rstudio.com/all/__linux__/focal/latest",
        "RemotePkgPlatform": "source",
        "RemoteSha": "1.7.6"
      },
      "sources": ["https://packagemanager.rstudio.com/all/__linux__/focal/latest/src/contrib/stringi_1.7.6.tar.gz"],
      "target": "src/contrib/stringi_1.7.6.tar.gz",
      "platform": "source",
      "rversion": "*",
      "directpkg": false,
      "license": "file LICENSE",
      "sha256": "0ea3d5afec5701977ff53de9afbaceb53b00aa34f5fb641cadc1eeb7759119ec",
      "filesize": 7600716,
      "dep_types": ["Depends", "Imports", "LinkingTo"],
      "params": [],
      "install_args": "",
      "repotype": "cranlike"
    },
    {
      "ref": "stringr",
      "package": "stringr",
      "version": "1.4.0",
      "type": "standard",
      "direct": false,
      "binary": false,
      "dependencies": ["glue", "magrittr", "stringi"],
      "vignettes": false,
      "needscompilation": false,
      "metadata": {
        "RemoteType": "standard",
        "RemotePkgRef": "stringr",
        "RemoteRef": "stringr",
        "RemoteRepos": "https://packagemanager.rstudio.com/all/__linux__/focal/latest",
        "RemotePkgPlatform": "source",
        "RemoteSha": "1.4.0"
      },
      "sources": ["https://packagemanager.rstudio.com/all/__linux__/focal/latest/src/contrib/stringr_1.4.0.tar.gz"],
      "target": "src/contrib/stringr_1.4.0.tar.gz",
      "platform": "source",
      "rversion": "*",
      "directpkg": false,
      "license": "GPL-2 | file LICENSE",
      "sha256": "87604d2d3a9ad8fd68444ce0865b59e2ffbdb548a38d6634796bbd83eeb931dd",
      "filesize": 135777,
      "dep_types": ["Depends", "Imports", "LinkingTo"],
      "params": [],
      "install_args": "",
      "repotype": "cranlike"
    },
    {
      "ref": "sys",
      "package": "sys",
      "version": "3.4",
      "type": "standard",
      "direct": false,
      "binary": false,
      "dependencies": [],
      "vignettes": false,
      "needscompilation": true,
      "metadata": {
        "RemoteType": "standard",
        "RemotePkgRef": "sys",
        "RemoteRef": "sys",
        "RemoteRepos": "https://packagemanager.rstudio.com/all/__linux__/focal/latest",
        "RemotePkgPlatform": "source",
        "RemoteSha": "3.4"
      },
      "sources": ["https://packagemanager.rstudio.com/all/__linux__/focal/latest/src/contrib/sys_3.4.tar.gz"],
      "target": "src/contrib/sys_3.4.tar.gz",
      "platform": "source",
      "rversion": "*",
      "directpkg": false,
      "license": "MIT + file LICENSE",
      "sha256": "17f88fbaf222f1f8fd07919461093dac0e7175ae3c3b3264b88470617afd0487",
      "filesize": 20138,
      "dep_types": ["Depends", "Imports", "LinkingTo"],
      "params": [],
      "install_args": "",
      "repotype": "cranlike"
    },
    {
      "ref": "tibble",
      "package": "tibble",
      "version": "3.1.6",
      "type": "standard",
      "direct": false,
      "binary": false,
      "dependencies": ["ellipsis", "fansi", "lifecycle", "magrittr", "pillar", "pkgconfig", "rlang", "vctrs"],
      "vignettes": false,
      "needscompilation": true,
      "metadata": {
        "RemoteType": "standard",
        "RemotePkgRef": "tibble",
        "RemoteRef": "tibble",
        "RemoteRepos": "https://packagemanager.rstudio.com/all/__linux__/focal/latest",
        "RemotePkgPlatform": "source",
        "RemoteSha": "3.1.6"
      },
      "sources": ["https://packagemanager.rstudio.com/all/__linux__/focal/latest/src/contrib/tibble_3.1.6.tar.gz"],
      "target": "src/contrib/tibble_3.1.6.tar.gz",
      "platform": "source",
      "rversion": "*",
      "directpkg": false,
      "license": "MIT + file LICENSE",
      "sha256": "5b33d909f146ebad38e262f6a57cb91ab70bfe240c2af01004beec11b3898292",
      "filesize": 739349,
      "dep_types": ["Depends", "Imports", "LinkingTo"],
      "params": [],
      "install_args": "",
      "repotype": "cranlike"
    },
    {
      "ref": "tidyselect",
      "package": "tidyselect",
      "version": "1.1.2",
      "type": "standard",
      "direct": false,
      "binary": false,
      "dependencies": ["ellipsis", "glue", "purrr", "rlang", "vctrs"],
      "vignettes": false,
      "needscompilation": true,
      "metadata": {
        "RemoteType": "standard",
        "RemotePkgRef": "tidyselect",
        "RemoteRef": "tidyselect",
        "RemoteRepos": "https://packagemanager.rstudio.com/all/__linux__/focal/latest",
        "RemotePkgPlatform": "source",
        "RemoteSha": "1.1.2"
      },
      "sources": ["https://packagemanager.rstudio.com/all/__linux__/focal/latest/src/contrib/tidyselect_1.1.2.tar.gz"],
      "target": "src/contrib/tidyselect_1.1.2.tar.gz",
      "platform": "source",
      "rversion": "*",
      "directpkg": false,
      "license": "MIT + file LICENSE",
      "sha256": "0389a3b15417954a30d6d692f6ebdd3d0f318cb94a5c9b05365df2f4ea1d8270",
      "filesize": 92085,
      "dep_types": ["Depends", "Imports", "LinkingTo"],
      "params": [],
      "install_args": "",
      "repotype": "cranlike"
    },
    {
      "ref": "utf8",
      "package": "utf8",
      "version": "1.2.2",
      "type": "standard",
      "direct": false,
      "binary": false,
      "dependencies": [],
      "vignettes": false,
      "needscompilation": true,
      "metadata": {
        "RemoteType": "standard",
        "RemotePkgRef": "utf8",
        "RemoteRef": "utf8",
        "RemoteRepos": "https://packagemanager.rstudio.com/all/__linux__/focal/latest",
        "RemotePkgPlatform": "source",
        "RemoteSha": "1.2.2"
      },
      "sources": ["https://packagemanager.rstudio.com/all/__linux__/focal/latest/src/contrib/utf8_1.2.2.tar.gz"],
      "target": "src/contrib/utf8_1.2.2.tar.gz",
      "platform": "source",
      "rversion": "*",
      "directpkg": false,
      "license": "Apache License (== 2.0) | file LICENSE",
      "sha256": "a71aee87d43a9bcf29249c7a5a2e9ca1d2a836e8d5ee3a264d3062f25378d8f4",
      "filesize": 240327,
      "dep_types": ["Depends", "Imports", "LinkingTo"],
      "params": [],
      "install_args": "",
      "repotype": "cranlike"
    },
    {
      "ref": "vctrs",
      "package": "vctrs",
      "version": "0.3.8",
      "type": "standard",
      "direct": false,
      "binary": false,
      "dependencies": ["ellipsis", "glue", "rlang"],
      "vignettes": false,
      "needscompilation": true,
      "metadata": {
        "RemoteType": "standard",
        "RemotePkgRef": "vctrs",
        "RemoteRef": "vctrs",
        "RemoteRepos": "https://packagemanager.rstudio.com/all/__linux__/focal/latest",
        "RemotePkgPlatform": "source",
        "RemoteSha": "0.3.8"
      },
      "sources": ["https://packagemanager.rstudio.com/all/__linux__/focal/latest/src/contrib/vctrs_0.3.8.tar.gz"],
      "target": "src/contrib/vctrs_0.3.8.tar.gz",
      "platform": "source",
      "rversion": "*",
      "directpkg": false,
      "license": "MIT + file LICENSE",
      "sha256": "7f4e8b75eda115e69dddf714f0643eb889ad61017cdc13af24389aab2a2d1bb1",
      "filesize": 782608,
      "dep_types": ["Depends", "Imports", "LinkingTo"],
      "params": [],
      "install_args": "",
      "repotype": "cranlike"
    },
    {
      "ref": "xml2",
      "package": "xml2",
      "version": "1.3.3",
      "type": "standard",
      "direct": false,
      "binary": false,
      "dependencies": [],
      "vignettes": false,
      "needscompilation": true,
      "metadata": {
        "RemoteType": "standard",
        "RemotePkgRef": "xml2",
        "RemoteRef": "xml2",
        "RemoteRepos": "https://packagemanager.rstudio.com/all/__linux__/focal/latest",
        "RemotePkgPlatform": "source",
        "RemoteSha": "1.3.3"
      },
      "sources": ["https://packagemanager.rstudio.com/all/__linux__/focal/latest/src/contrib/xml2_1.3.3.tar.gz"],
      "target": "src/contrib/xml2_1.3.3.tar.gz",
      "platform": "source",
      "rversion": "*",
      "directpkg": false,
      "license": "MIT + file LICENSE",
      "sha256": "cb4e9c0d31618ed67d2bfa4c7b5e52680e11612ed356a8164b541d44163c1c8d",
      "filesize": 283965,
      "dep_types": ["Depends", "Imports", "LinkingTo"],
      "params": [],
      "install_args": "",
      "repotype": "cranlike"
    },
    {
      "ref": "zip",
      "package": "zip",
      "version": "2.2.0",
      "type": "standard",
      "direct": false,
      "binary": false,
      "dependencies": [],
      "vignettes": false,
      "needscompilation": true,
      "metadata": {
        "RemoteType": "standard",
        "RemotePkgRef": "zip",
        "RemoteRef": "zip",
        "RemoteRepos": "https://packagemanager.rstudio.com/all/__linux__/focal/latest",
        "RemotePkgPlatform": "source",
        "RemoteSha": "2.2.0"
      },
      "sources": ["https://packagemanager.rstudio.com/all/__linux__/focal/latest/src/contrib/zip_2.2.0.tar.gz"],
      "target": "src/contrib/zip_2.2.0.tar.gz",
      "platform": "source",
      "rversion": "*",
      "directpkg": false,
      "license": "MIT + file LICENSE",
      "sha256": "9f95987c964039834f770ecda2d5f7e3d3a9de553c89db2a5926c4219bf4b9d8",
      "filesize": 114391,
      "dep_types": ["Depends", "Imports", "LinkingTo"],
      "params": [],
      "install_args": "",
      "repotype": "cranlike"
    }
  ],
  "sysreqs": {
    "os": "ubuntu",
    "os_release": "20.04",
    "url": "https://packagemanager.rstudio.com/__api__/repos/1/sysreqs?distribution=ubuntu&release=20.04",
    "pre_install": [],
    "install_scripts": ["apt-get install -y git", "apt-get install -y make", "apt-get install -y libcurl4-openssl-dev", "apt-get install -y libgit2-dev", "apt-get install -y libicu-dev", "apt-get install -y libxml2-dev", "apt-get install -y libssl-dev"],
    "post_install": []
  }
}
